
Microsoft Visual Studio Solution File, Format Version 12.00
# Visual Studio 15
Project("{FAE04EC0-301F-11D3-BF4B-00C04F79EFBC}") = "Assembly-CSharp", "Assembly-CSharp.csproj", "{FDA3568F-DE29-2F49-6CB8-A91FF68DACED}"
EndProject
Project("{FAE04EC0-301F-11D3-BF4B-00C04F79EFBC}") = "Assembly-CSharp-Editor", "Assembly-CSharp-Editor.csproj", "{0C962E2A-3D58-2193-910A-45A75C360804}"
EndProject
Global
	GlobalSection(SolutionConfigurationPlatforms) = preSolution
		Debug|Any CPU = Debug|Any CPU
		Release|Any CPU = Release|Any CPU
	EndGlobalSection
	GlobalSection(ProjectConfigurationPlatforms) = postSolution
		{FDA3568F-DE29-2F49-6CB8-A91FF68DACED}.Debug|Any CPU.ActiveCfg = Debug|Any CPU
		{FDA3568F-DE29-2F49-6CB8-A91FF68DACED}.Debug|Any CPU.Build.0 = Debug|Any CPU
		{FDA3568F-DE29-2F49-6CB8-A91FF68DACED}.Release|Any CPU.ActiveCfg = Release|Any CPU
		{FDA3568F-DE29-2F49-6CB8-A91FF68DACED}.Release|Any CPU.Build.0 = Release|Any CPU
		{0C962E2A-3D58-2193-910A-45A75C360804}.Debug|Any CPU.ActiveCfg = Debug|Any CPU
		{0C962E2A-3D58-2193-910A-45A75C360804}.Debug|Any CPU.Build.0 = Debug|Any CPU
		{0C962E2A-3D58-2193-910A-45A75C360804}.Release|Any CPU.ActiveCfg = Release|Any CPU
		{0C962E2A-3D58-2193-910A-45A75C360804}.Release|Any CPU.Build.0 = Release|Any CPU
	EndGlobalSection
	GlobalSection(SolutionProperties) = preSolution
		HideSolutionNode = FALSE
	EndGlobalSection
EndGlobal
